
Microsoft Visual Studio Solution File, Format Version 12.00
# Visual Studio Version 16
VisualStudioVersion = 16.0.30804.86
MinimumVisualStudioVersion = 10.0.40219.1
Project("{9A19103F-16F7-4668-BE54-9A1E7A4F7556}") = "DungeonDelve.ConsoleUI", "DungeonDelve.ConsoleUI\DungeonDelve.ConsoleUI.csproj", "{AA843D99-0810-4982-BB62-B4F6152E6B80}"
EndProject
Project("{9A19103F-16F7-4668-BE54-9A1E7A4F7556}") = "DungeonDelve.Application", "DungeonDelve.Logic\DungeonDelve.Application.csproj", "{1DD59DC7-A9B0-40EC-9A36-8AF78F8D957A}"
EndProject
Project("{9A19103F-16F7-4668-BE54-9A1E7A4F7556}") = "DungeonDelve.Data", "DungeonDelve.Data\DungeonDelve.Data.csproj", "{7A04455D-BCB2-4B2F-988F-5C52B795A690}"
EndProject
Project("{9A19103F-16F7-4668-BE54-9A1E7A4F7556}") = "DungeonDelve.Core", "DungeonDelve.Core\DungeonDelve.Core.csproj", "{957B6C05-EF87-4171-A31B-7CD69C7DA66E}"
EndProject
Project("{9A19103F-16F7-4668-BE54-9A1E7A4F7556}") = "DungeonDelve.Framework", "DungeonDelve.Framework\DungeonDelve.Framework.csproj", "{2B692604-AF0D-473D-B2E0-F3CF6FB06E48}"
EndProject
Global
	GlobalSection(SolutionConfigurationPlatforms) = preSolution
		Debug|Any CPU = Debug|Any CPU
		Release|Any CPU = Release|Any CPU
	EndGlobalSection
	GlobalSection(ProjectConfigurationPlatforms) = postSolution
		{AA843D99-0810-4982-BB62-B4F6152E6B80}.Debug|Any CPU.ActiveCfg = Debug|Any CPU
		{AA843D99-0810-4982-BB62-B4F6152E6B80}.Debug|Any CPU.Build.0 = Debug|Any CPU
		{AA843D99-0810-4982-BB62-B4F6152E6B80}.Release|Any CPU.ActiveCfg = Release|Any CPU
		{AA843D99-0810-4982-BB62-B4F6152E6B80}.Release|Any CPU.Build.0 = Release|Any CPU
		{1DD59DC7-A9B0-40EC-9A36-8AF78F8D957A}.Debug|Any CPU.ActiveCfg = Debug|Any CPU
		{1DD59DC7-A9B0-40EC-9A36-8AF78F8D957A}.Debug|Any CPU.Build.0 = Debug|Any CPU
		{1DD59DC7-A9B0-40EC-9A36-8AF78F8D957A}.Release|Any CPU.ActiveCfg = Release|Any CPU
		{1DD59DC7-A9B0-40EC-9A36-8AF78F8D957A}.Release|Any CPU.Build.0 = Release|Any CPU
		{7A04455D-BCB2-4B2F-988F-5C52B795A690}.Debug|Any CPU.ActiveCfg = Debug|Any CPU
		{7A04455D-BCB2-4B2F-988F-5C52B795A690}.Debug|Any CPU.Build.0 = Debug|Any CPU
		{7A04455D-BCB2-4B2F-988F-5C52B795A690}.Release|Any CPU.ActiveCfg = Release|Any CPU
		{7A04455D-BCB2-4B2F-988F-5C52B795A690}.Release|Any CPU.Build.0 = Release|Any CPU
		{957B6C05-EF87-4171-A31B-7CD69C7DA66E}.Debug|Any CPU.ActiveCfg = Debug|Any CPU
		{957B6C05-EF87-4171-A31B-7CD69C7DA66E}.Debug|Any CPU.Build.0 = Debug|Any CPU
		{957B6C05-EF87-4171-A31B-7CD69C7DA66E}.Release|Any CPU.ActiveCfg = Release|Any CPU
		{957B6C05-EF87-4171-A31B-7CD69C7DA66E}.Release|Any CPU.Build.0 = Release|Any CPU
		{2B692604-AF0D-473D-B2E0-F3CF6FB06E48}.Debug|Any CPU.ActiveCfg = Debug|Any CPU
		{2B692604-AF0D-473D-B2E0-F3CF6FB06E48}.Debug|Any CPU.Build.0 = Debug|Any CPU
		{2B692604-AF0D-473D-B2E0-F3CF6FB06E48}.Release|Any CPU.ActiveCfg = Release|Any CPU
		{2B692604-AF0D-473D-B2E0-F3CF6FB06E48}.Release|Any CPU.Build.0 = Release|Any CPU
	EndGlobalSection
	GlobalSection(SolutionProperties) = preSolution
		HideSolutionNode = FALSE
	EndGlobalSection
	GlobalSection(ExtensibilityGlobals) = postSolution
		SolutionGuid = {502C0934-CA89-49F9-9056-144D2EB2FEBB}
	EndGlobalSection
EndGlobal
